connectrpc.com/connect v1.19.1 h1:R5M57z05+90EfEvCY1b7hBxDVOUl45PrtXtAV2fOC14=
connectrpc.com/connect v1.19.1/go.mod h1:tN20fjdGlewnSFeZxLKb0xwIZ6ozc3OQs2hTXy4du9w=
github.com/google/go-cmp v0.6.0 h1:ofyhxvXcZhMsU5ulbFiLKl/XBFqE1GSq7atu8tAmTRI=
github.com/google/go-cmp v0.6.0/go.mod h1:17dUlkBOakJ0+DkrSSNjCkIjxS6bF9zb3elmeNGIjoY=
github.com/gorilla/mux v1.8.0 h1:i40aqfkR1h2SlN9hojwV5ZA91wcXFOvkdNIeFDP5koI=
github.com/gorilla/mux v1.8.0/go.mod h1:DVbg23sWSpFRCP0SfiEN6jmj59UnW/n46BH5rLB71So=
github.com/grafana/pyroscope/api v1.2.0 h1:SfHDZcEZ4Vbj/Jj3bTOSpm4IDB33wLA2xBYxROhiL4U=
github.com/grafana/pyroscope/api v1.2.0/go.mod h1:CCWrMnwvTB5O+VBZfT+jO2RAvgm0GxdG2//kAWuMDhA=
github.com/planetscale/vtprotobuf v0.6.0 h1:nBeETjudeJ5ZgBHUz1fVHvbqUKnYOXNhsIEabROxmNA=
github.com/planetscale/vtprotobuf v0.6.0/go.mod h1:t/avpk3KcrXxUnYOhZhMXJlSEyie6gQbtLq5NM3loB8=
golang.org/x/net v0.45.0 h1:RLBg5JKixCy82FtLJpeNlVM0nrSqpCRYzVU1n8kj0tM=
golang.org/x/net v0.45.0/go.mod h1:ECOoLqd5U3Lhyeyo/QDCEVQ4sNgYsqvCZ722XogGieY=
golang.org/x/sys v0.36.0 h1:KVRy2GtZBrk1cBYA7MKu5bEZFxQk4NIDV6RLVcC8o0k=
golang.org/x/sys v0.36.0/go.mod h1:OgkHotnGiDImocRcuBABYBEXf8A9a87e/uXjp9XT3ks=
golang.org/x/text v0.29.0 h1:1neNs90w9YzJ9BocxfsQNHKuAT4pkghyXc4nhZ6sJvk=
golang.org/x/text v0.29.0/go.mod h1:7MhJOA9CD2qZyOKYazxdYMF85OwPdEr9jTtBpO7ydH4=
google.golang.org/genproto/googleapis/rpc v0.0.0-20240528184218-531527333157 h1:Zy9XzmMEflZ/MAaA7vNcoebnRAld7FsPW1EeBB7V0m8=
google.golang.org/genproto/googleapis/rpc v0.0.0-20240528184218-531527333157/go.mod h1:EfXuqaE1J41VCDicxHzUDm+8rk+7ZdXzHV0IhO/I6s0=
google.golang.org/grpc v1.65.0 h1:bs/cUb4lp1G5iImFFd3u5ixQzweKizoZJAwBNLR42lc=
google.golang.org/grpc v1.65.0/go.mod h1:WgYC2ypjlB0EiQi6wdKixMqukr6lBc0Vo+oOgjrM5ZQ=
google.golang.org/protobuf v1.36.9 h1:w2gp2mA27hUeUzj9Ex9FBjsBm40zfaDtEWow293U7Iw=
google.golang.org/protobuf v1.36.9/go.mod h1:fuxRtAxBytpl4zzqUh6/eyUujkJdNiuEkXntxiD/uRU=
